
Microsoft Visual Studio Solution File, Format Version 12.00
# Visual Studio 14
VisualStudioVersion = 14.0.25123.0
MinimumVisualStudioVersion = 10.0.40219.1
Project("{FAE04EC0-301F-11D3-BF4B-00C04F79EFBC}") = "AverageScans", "AverageScans\AverageScans.csproj", "{247F2AA8-70B7-4385-8802-2B38106F0004}"
EndProject
Project("{FAE04EC0-301F-11D3-BF4B-00C04F79EFBC}") = "AverageScansConsole", "AverageScansConsole\AverageScansConsole.csproj", "{9FE19170-C381-4FCC-9C1E-A4F305B9AF82}"
EndProject
Global
	GlobalSection(SolutionConfigurationPlatforms) = preSolution
		Debug|Any CPU = Debug|Any CPU
		Debug|x64 = Debug|x64
		Debug|x86 = Debug|x86
	EndGlobalSection
	GlobalSection(ProjectConfigurationPlatforms) = postSolution
		{247F2AA8-70B7-4385-8802-2B38106F0004}.Debug|Any CPU.ActiveCfg = Debug|Any CPU
		{247F2AA8-70B7-4385-8802-2B38106F0004}.Debug|Any CPU.Build.0 = Debug|Any CPU
		{247F2AA8-70B7-4385-8802-2B38106F0004}.Debug|x64.ActiveCfg = Debug|Any CPU
		{247F2AA8-70B7-4385-8802-2B38106F0004}.Debug|x64.Build.0 = Debug|Any CPU
		{247F2AA8-70B7-4385-8802-2B38106F0004}.Debug|x86.ActiveCfg = Debug|Any CPU
		{247F2AA8-70B7-4385-8802-2B38106F0004}.Debug|x86.Build.0 = Debug|Any CPU
		{9FE19170-C381-4FCC-9C1E-A4F305B9AF82}.Debug|Any CPU.ActiveCfg = Debug|Any CPU
		{9FE19170-C381-4FCC-9C1E-A4F305B9AF82}.Debug|Any CPU.Build.0 = Debug|Any CPU
		{9FE19170-C381-4FCC-9C1E-A4F305B9AF82}.Debug|x64.ActiveCfg = Debug|Any CPU
		{9FE19170-C381-4FCC-9C1E-A4F305B9AF82}.Debug|x64.Build.0 = Debug|Any CPU
		{9FE19170-C381-4FCC-9C1E-A4F305B9AF82}.Debug|x86.ActiveCfg = Debug|Any CPU
		{9FE19170-C381-4FCC-9C1E-A4F305B9AF82}.Debug|x86.Build.0 = Debug|Any CPU
	EndGlobalSection
	GlobalSection(SolutionProperties) = preSolution
		HideSolutionNode = FALSE
	EndGlobalSection
EndGlobal
